
Microsoft Visual Studio Solution File, Format Version 12.00
# Visual Studio Version 17
VisualStudioVersion = 17.14.36429.23 d17.14
MinimumVisualStudioVersion = 10.0.40219.1
Project("{FAE04EC0-301F-11D3-BF4B-00C04F79EFBC}") = "hw0610", "hw0610.csproj", "{E8788386-DFDE-478F-A4D1-58FEF7A863EA}"
EndProject
Global
	GlobalSection(SolutionConfigurationPlatforms) = preSolution
		Debug|Any CPU = Debug|Any CPU
		Release|Any CPU = Release|Any CPU
	EndGlobalSection
	GlobalSection(ProjectConfigurationPlatforms) = postSolution
		{E8788386-DFDE-478F-A4D1-58FEF7A863EA}.Debug|Any CPU.ActiveCfg = Debug|Any CPU
		{E8788386-DFDE-478F-A4D1-58FEF7A863EA}.Debug|Any CPU.Build.0 = Debug|Any CPU
		{E8788386-DFDE-478F-A4D1-58FEF7A863EA}.Release|Any CPU.ActiveCfg = Release|Any CPU
		{E8788386-DFDE-478F-A4D1-58FEF7A863EA}.Release|Any CPU.Build.0 = Release|Any CPU
	EndGlobalSection
	GlobalSection(SolutionProperties) = preSolution
		HideSolutionNode = FALSE
	EndGlobalSection
	GlobalSection(ExtensibilityGlobals) = postSolution
		SolutionGuid = {02368880-962D-4900-B97A-C2B14CACD22D}
	EndGlobalSection
EndGlobal
