
Microsoft Visual Studio Solution File, Format Version 12.00
# Visual Studio Version 17
VisualStudioVersion = 17.14.36429.23 d17.14
MinimumVisualStudioVersion = 10.0.40219.1
Project("{FAE04EC0-301F-11D3-BF4B-00C04F79EFBC}") = "hw1810", "hw1810.csproj", "{B007D7B9-C318-48CD-B98D-6E18AFA85746}"
EndProject
Global
	GlobalSection(SolutionConfigurationPlatforms) = preSolution
		Debug|Any CPU = Debug|Any CPU
		Release|Any CPU = Release|Any CPU
	EndGlobalSection
	GlobalSection(ProjectConfigurationPlatforms) = postSolution
		{B007D7B9-C318-48CD-B98D-6E18AFA85746}.Debug|Any CPU.ActiveCfg = Debug|Any CPU
		{B007D7B9-C318-48CD-B98D-6E18AFA85746}.Debug|Any CPU.Build.0 = Debug|Any CPU
		{B007D7B9-C318-48CD-B98D-6E18AFA85746}.Release|Any CPU.ActiveCfg = Release|Any CPU
		{B007D7B9-C318-48CD-B98D-6E18AFA85746}.Release|Any CPU.Build.0 = Release|Any CPU
	EndGlobalSection
	GlobalSection(SolutionProperties) = preSolution
		HideSolutionNode = FALSE
	EndGlobalSection
	GlobalSection(ExtensibilityGlobals) = postSolution
		SolutionGuid = {E5F5906C-DD2B-48CF-876C-D73BEAE5E985}
	EndGlobalSection
EndGlobal
