
Microsoft Visual Studio Solution File, Format Version 12.00
# Visual Studio Version 17
VisualStudioVersion = 17.14.36429.23 d17.14
MinimumVisualStudioVersion = 10.0.40219.1
Project("{FAE04EC0-301F-11D3-BF4B-00C04F79EFBC}") = "hw0810", "hw0810.csproj", "{EC2E974A-3633-4E20-B75E-158B461D289A}"
EndProject
Global
	GlobalSection(SolutionConfigurationPlatforms) = preSolution
		Debug|Any CPU = Debug|Any CPU
		Release|Any CPU = Release|Any CPU
	EndGlobalSection
	GlobalSection(ProjectConfigurationPlatforms) = postSolution
		{EC2E974A-3633-4E20-B75E-158B461D289A}.Debug|Any CPU.ActiveCfg = Debug|Any CPU
		{EC2E974A-3633-4E20-B75E-158B461D289A}.Debug|Any CPU.Build.0 = Debug|Any CPU
		{EC2E974A-3633-4E20-B75E-158B461D289A}.Release|Any CPU.ActiveCfg = Release|Any CPU
		{EC2E974A-3633-4E20-B75E-158B461D289A}.Release|Any CPU.Build.0 = Release|Any CPU
	EndGlobalSection
	GlobalSection(SolutionProperties) = preSolution
		HideSolutionNode = FALSE
	EndGlobalSection
	GlobalSection(ExtensibilityGlobals) = postSolution
		SolutionGuid = {96595D1F-E679-4327-881E-66C1FC672402}
	EndGlobalSection
EndGlobal
