
Microsoft Visual Studio Solution File, Format Version 12.00
# Visual Studio Version 17
VisualStudioVersion = 17.14.36429.23 d17.14
MinimumVisualStudioVersion = 10.0.40219.1
Project("{FAE04EC0-301F-11D3-BF4B-00C04F79EFBC}") = "hw2409", "hw2409.csproj", "{379BF6EC-7BD5-47D1-AF3F-A606E949929A}"
EndProject
Global
	GlobalSection(SolutionConfigurationPlatforms) = preSolution
		Debug|Any CPU = Debug|Any CPU
		Release|Any CPU = Release|Any CPU
	EndGlobalSection
	GlobalSection(ProjectConfigurationPlatforms) = postSolution
		{379BF6EC-7BD5-47D1-AF3F-A606E949929A}.Debug|Any CPU.ActiveCfg = Debug|Any CPU
		{379BF6EC-7BD5-47D1-AF3F-A606E949929A}.Debug|Any CPU.Build.0 = Debug|Any CPU
		{379BF6EC-7BD5-47D1-AF3F-A606E949929A}.Release|Any CPU.ActiveCfg = Release|Any CPU
		{379BF6EC-7BD5-47D1-AF3F-A606E949929A}.Release|Any CPU.Build.0 = Release|Any CPU
	EndGlobalSection
	GlobalSection(SolutionProperties) = preSolution
		HideSolutionNode = FALSE
	EndGlobalSection
	GlobalSection(ExtensibilityGlobals) = postSolution
		SolutionGuid = {AD0CB604-9A51-460D-8583-4A0FA9409FCB}
	EndGlobalSection
EndGlobal
