
Microsoft Visual Studio Solution File, Format Version 12.00
# Visual Studio Version 17
VisualStudioVersion = 17.14.36429.23 d17.14
MinimumVisualStudioVersion = 10.0.40219.1
Project("{FAE04EC0-301F-11D3-BF4B-00C04F79EFBC}") = "hw2210", "hw2210.csproj", "{2FDACD59-6DE8-4158-AA1B-D755D286440F}"
EndProject
Global
	GlobalSection(SolutionConfigurationPlatforms) = preSolution
		Debug|Any CPU = Debug|Any CPU
		Release|Any CPU = Release|Any CPU
	EndGlobalSection
	GlobalSection(ProjectConfigurationPlatforms) = postSolution
		{2FDACD59-6DE8-4158-AA1B-D755D286440F}.Debug|Any CPU.ActiveCfg = Debug|Any CPU
		{2FDACD59-6DE8-4158-AA1B-D755D286440F}.Debug|Any CPU.Build.0 = Debug|Any CPU
		{2FDACD59-6DE8-4158-AA1B-D755D286440F}.Release|Any CPU.ActiveCfg = Release|Any CPU
		{2FDACD59-6DE8-4158-AA1B-D755D286440F}.Release|Any CPU.Build.0 = Release|Any CPU
	EndGlobalSection
	GlobalSection(SolutionProperties) = preSolution
		HideSolutionNode = FALSE
	EndGlobalSection
	GlobalSection(ExtensibilityGlobals) = postSolution
		SolutionGuid = {AA5721C5-33DF-4BC5-A117-4F213987316D}
	EndGlobalSection
EndGlobal
