
Microsoft Visual Studio Solution File, Format Version 12.00
# Visual Studio Version 17
VisualStudioVersion = 17.14.36429.23 d17.14
MinimumVisualStudioVersion = 10.0.40219.1
Project("{FAE04EC0-301F-11D3-BF4B-00C04F79EFBC}") = "hw2209", "hw2209.csproj", "{495E6B4F-BEDA-410E-9E89-5DFAEC875462}"
EndProject
Global
	GlobalSection(SolutionConfigurationPlatforms) = preSolution
		Debug|Any CPU = Debug|Any CPU
		Release|Any CPU = Release|Any CPU
	EndGlobalSection
	GlobalSection(ProjectConfigurationPlatforms) = postSolution
		{495E6B4F-BEDA-410E-9E89-5DFAEC875462}.Debug|Any CPU.ActiveCfg = Debug|Any CPU
		{495E6B4F-BEDA-410E-9E89-5DFAEC875462}.Debug|Any CPU.Build.0 = Debug|Any CPU
		{495E6B4F-BEDA-410E-9E89-5DFAEC875462}.Release|Any CPU.ActiveCfg = Release|Any CPU
		{495E6B4F-BEDA-410E-9E89-5DFAEC875462}.Release|Any CPU.Build.0 = Release|Any CPU
	EndGlobalSection
	GlobalSection(SolutionProperties) = preSolution
		HideSolutionNode = FALSE
	EndGlobalSection
	GlobalSection(ExtensibilityGlobals) = postSolution
		SolutionGuid = {5BB5DCFB-38D8-4171-A5EB-111636B9E322}
	EndGlobalSection
EndGlobal
