
Microsoft Visual Studio Solution File, Format Version 12.00
# Visual Studio Version 17
VisualStudioVersion = 17.14.36429.23 d17.14
MinimumVisualStudioVersion = 10.0.40219.1
Project("{FAE04EC0-301F-11D3-BF4B-00C04F79EFBC}") = "hw2909", "hw2909.csproj", "{102496EC-B7FA-4933-BD32-2C446A7BCE15}"
EndProject
Global
	GlobalSection(SolutionConfigurationPlatforms) = preSolution
		Debug|Any CPU = Debug|Any CPU
		Release|Any CPU = Release|Any CPU
	EndGlobalSection
	GlobalSection(ProjectConfigurationPlatforms) = postSolution
		{102496EC-B7FA-4933-BD32-2C446A7BCE15}.Debug|Any CPU.ActiveCfg = Debug|Any CPU
		{102496EC-B7FA-4933-BD32-2C446A7BCE15}.Debug|Any CPU.Build.0 = Debug|Any CPU
		{102496EC-B7FA-4933-BD32-2C446A7BCE15}.Release|Any CPU.ActiveCfg = Release|Any CPU
		{102496EC-B7FA-4933-BD32-2C446A7BCE15}.Release|Any CPU.Build.0 = Release|Any CPU
	EndGlobalSection
	GlobalSection(SolutionProperties) = preSolution
		HideSolutionNode = FALSE
	EndGlobalSection
	GlobalSection(ExtensibilityGlobals) = postSolution
		SolutionGuid = {4A16D213-730A-4D96-958A-2AD9A9B6A65C}
	EndGlobalSection
EndGlobal
